<?xml version="1.0" encoding="utf-8"?>
<Project ToolsVersion="4.0" xmlns="http://schemas.microsoft.com/developer/msbuild/2003">
  <ItemGroup>
    <Filter Include="Source Files">
      <UniqueIdentifier>{4FC737F1-C7A5-4376-A066-2A32D752A2FF}</UniqueIdentifier>
      <Extensions>cpp;c;cc;cxx;c++;cppm;ixx;def;odl;idl;hpj;bat;asm;asmx</Extensions>
    </Filter>
    <Filter Include="Header Files">
      <UniqueIdentifier>{93995380-89BD-4b04-88EB-625FBE52EBFB}</UniqueIdentifier>
      <Extensions>h;hh;hpp;hxx;h++;hm;inl;inc;ipp;xsd</Extensions>
    </Filter>
    <Filter Include="Resource Files">
      <UniqueIdentifier>{67DA6AB6-F800-4c08-8B7A-83BB121AAD01}</UniqueIdentifier>
      <Extensions>rc;ico;cur;bmp;dlg;rc2;rct;bin;rgs;gif;jpg;jpeg;jpe;resx;tiff;tif;png;wav;mfcribbon-ms</Extensions>
    </Filter>
  </ItemGroup>
  <ItemGroup>
    <ClCompile Include="08-algorithms-and-problem-solving-level-4.cpp">
      <Filter>Source Files</Filter>
    </ClCompile>
  </ItemGroup>
  <ItemGroup>
    <ClInclude Include="P01_NumberToText.h">
      <Filter>Header Files</Filter>
    </ClInclude>
    <ClInclude Include="P01_NumberToText_ProfSol.h">
      <Filter>Header Files</Filter>
    </ClInclude>
    <ClInclude Include="P02_LeapYear.h">
      <Filter>Header Files</Filter>
    </ClInclude>
    <ClInclude Include="P03_LeapYear_OneLineOfCode.h">
      <Filter>Header Files</Filter>
    </ClInclude>
    <ClInclude Include="P04_NumberOfDaysHoursMinutesSecondsInAYear.h">
      <Filter>Header Files</Filter>
    </ClInclude>
    <ClInclude Include="P05_NumberOfDaysHoursMinutesSecondsInAMonth.h">
      <Filter>Header Files</Filter>
    </ClInclude>
    <ClInclude Include="P06_NumberOfDaysInAMonthShortLogic.h">
      <Filter>Header Files</Filter>
    </ClInclude>
    <ClInclude Include="P07_DayName.h">
      <Filter>Header Files</Filter>
    </ClInclude>
    <ClInclude Include="P08_MonthCalendar.h">
      <Filter>Header Files</Filter>
    </ClInclude>
    <ClInclude Include="P09_YearCalendar.h">
      <Filter>Header Files</Filter>
    </ClInclude>
    <ClInclude Include="P10_DaysFromTheBeginningOfYear.h">
      <Filter>Header Files</Filter>
    </ClInclude>
    <ClInclude Include="P11_DateFromDayOrderInAYear.h">
      <Filter>Header Files</Filter>
    </ClInclude>
    <ClInclude Include="P12_AddDaysToDate.h">
      <Filter>Header Files</Filter>
    </ClInclude>
  </ItemGroup>
</Project>